
Microsoft Visual Studio Solution File, Format Version 12.00
# Visual Studio Version 17
VisualStudioVersion = 17.2.32526.322
MinimumVisualStudioVersion = 10.0.40219.1
Project("{9A19103F-16F7-4668-BE54-9A1E7A4F7556}") = "myAPI", "myAPI\myAPI.csproj", "{3D53E8F8-20AC-4D92-8017-3EF49A80951A}"
EndProject
Project("{FAE04EC0-301F-11D3-BF4B-00C04F79EFBC}") = "TestProject1", "TestProject1\TestProject1.csproj", "{1770AE5A-6E16-4C5E-AE73-550F8E9A7207}"
EndProject
Global
	GlobalSection(SolutionConfigurationPlatforms) = preSolution
		Debug|Any CPU = Debug|Any CPU
		Release|Any CPU = Release|Any CPU
	EndGlobalSection
	GlobalSection(ProjectConfigurationPlatforms) = postSolution
		{3D53E8F8-20AC-4D92-8017-3EF49A80951A}.Debug|Any CPU.ActiveCfg = Debug|Any CPU
		{3D53E8F8-20AC-4D92-8017-3EF49A80951A}.Debug|Any CPU.Build.0 = Debug|Any CPU
		{3D53E8F8-20AC-4D92-8017-3EF49A80951A}.Release|Any CPU.ActiveCfg = Release|Any CPU
		{3D53E8F8-20AC-4D92-8017-3EF49A80951A}.Release|Any CPU.Build.0 = Release|Any CPU
		{1770AE5A-6E16-4C5E-AE73-550F8E9A7207}.Debug|Any CPU.ActiveCfg = Debug|Any CPU
		{1770AE5A-6E16-4C5E-AE73-550F8E9A7207}.Debug|Any CPU.Build.0 = Debug|Any CPU
		{1770AE5A-6E16-4C5E-AE73-550F8E9A7207}.Release|Any CPU.ActiveCfg = Release|Any CPU
		{1770AE5A-6E16-4C5E-AE73-550F8E9A7207}.Release|Any CPU.Build.0 = Release|Any CPU
	EndGlobalSection
	GlobalSection(SolutionProperties) = preSolution
		HideSolutionNode = FALSE
	EndGlobalSection
	GlobalSection(ExtensibilityGlobals) = postSolution
		SolutionGuid = {7FE0328A-8429-4582-BCEC-7AD9ACC3206F}
	EndGlobalSection
EndGlobal
